{
	"name": "nodejs-commonjs",
	"lockfileVersion": 3,
	"requires": true,
	"packages": {
		"": {
			"dependencies": {
				"@tweenjs/tween.js": "file:../../../"
			}
		},
		"../../..": {
			"version": "21.1.1",
			"license": "MIT",
			"devDependencies": {
				"nodeunit": "^0.11.3",
				"prettier": "^3.0.0",
				"rimraf": "^3.0.0",
				"rollup": "3.20.7",
				"rollup-plugin-dts": "5.3.0",
				"tslib": "^1.10.0",
				"typescript": "5.0.4"
			}
		},
		"node_modules/@tweenjs/tween.js": {
			"resolved": "../../..",
			"link": true
		}
	}
}
